// !$*UTF8*$!
{
	archiveVersion = 1;
	classes = {
	};
	objectVersion = 46;
	objects = {

/* Begin PBXBuildFile section */
		823AFC0E1F32CF2F00CCB6F8 /* AppDelegate.swift in Sources */ = {isa = PBXBuildFile; fileRef = 823AFC0D1F32CF2F00CCB6F8 /* AppDelegate.swift */; };
		823AFC131F32CF2F00CCB6F8 /* Main.storyboard in Resources */ = {isa = PBXBuildFile; fileRef = 823AFC111F32CF2F00CCB6F8 /* Main.storyboard */; };
		823AFC151F32CF2F00CCB6F8 /* Assets.xcassets in Resources */ = {isa = PBXBuildFile; fileRef = 823AFC141F32CF2F00CCB6F8 /* Assets.xcassets */; };
		823AFC181F32CF2F00CCB6F8 /* LaunchScreen.storyboard in Resources */ = {isa = PBXBuildFile; fileRef = 823AFC161F32CF2F00CCB6F8 /* LaunchScreen.storyboard */; };
		823AFC231F32CF2F00CCB6F8 /* Bite_About_ItTests.swift in Sources */ = {isa = PBXBuildFile; fileRef = 823AFC221F32CF2F00CCB6F8 /* Bite_About_ItTests.swift */; };
		823AFC2E1F32CF2F00CCB6F8 /* Bite_About_ItUITests.swift in Sources */ = {isa = PBXBuildFile; fileRef = 823AFC2D1F32CF2F00CCB6F8 /* Bite_About_ItUITests.swift */; };
		824EFC201F8F2E86000A65A7 /* Category.swift in Sources */ = {isa = PBXBuildFile; fileRef = 824EFC1F1F8F2E86000A65A7 /* Category.swift */; };
		8258ED971F57CB5200D7D421 /* APIOperation.swift in Sources */ = {isa = PBXBuildFile; fileRef = 8258ED961F57CB5200D7D421 /* APIOperation.swift */; };
		82620F6A1F6835DB0007E48C /* BusinessSearch.swift in Sources */ = {isa = PBXBuildFile; fileRef = 82620F691F6835DB0007E48C /* BusinessSearch.swift */; };
		82620F711F6837220007E48C /* AccessToken.swift in Sources */ = {isa = PBXBuildFile; fileRef = 82620F701F6837220007E48C /* AccessToken.swift */; };
		82620F731F6837C40007E48C /* Business.swift in Sources */ = {isa = PBXBuildFile; fileRef = 82620F721F6837C40007E48C /* Business.swift */; };
		826D8FFB1F90702C008DD666 /* PaymentMethod.swift in Sources */ = {isa = PBXBuildFile; fileRef = 826D8FFA1F90702C008DD666 /* PaymentMethod.swift */; };
		8286E6D81F4545510084895F /* Authentication.swift in Sources */ = {isa = PBXBuildFile; fileRef = 8286E6D71F4545510084895F /* Authentication.swift */; };
		8286E6DB1F47EA860084895F /* FormatterCache.swift in Sources */ = {isa = PBXBuildFile; fileRef = 8286E6DA1F47EA860084895F /* FormatterCache.swift */; };
		8286E6DD1F47EE560084895F /* Result.swift in Sources */ = {isa = PBXBuildFile; fileRef = 8286E6DC1F47EE560084895F /* Result.swift */; };
		8286E6DF1F47F4C00084895F /* Endpoints.swift in Sources */ = {isa = PBXBuildFile; fileRef = 8286E6DE1F47F4C00084895F /* Endpoints.swift */; };
		82F6EDEC1F5CD4F0007E297C /* ViewController.swift in Sources */ = {isa = PBXBuildFile; fileRef = 82F6EDEB1F5CD4F0007E297C /* ViewController.swift */; };
		9A4C8A212BFE96E401632DC9 /* Pods_Bite_About_ItUITests.framework in Frameworks */ = {isa = PBXBuildFile; fileRef = AAC24DBF5897BB75AC1B7374 /* Pods_Bite_About_ItUITests.framework */; };
		CC8C5B4BF4B226FCBB1101EE /* Pods_Bite_About_ItTests.framework in Frameworks */ = {isa = PBXBuildFile; fileRef = 011DFC28D141FBDEB7566766 /* Pods_Bite_About_ItTests.framework */; };
		FC0C2206355498585DA254A5 /* Pods_Bite_About_It.framework in Frameworks */ = {isa = PBXBuildFile; fileRef = D1D6C97F45444E7F8FA9895A /* Pods_Bite_About_It.framework */; };
/* End PBXBuildFile section */

/* Begin PBXContainerItemProxy section */
		823AFC1F1F32CF2F00CCB6F8 /* PBXContainerItemProxy */ = {
			isa = PBXContainerItemProxy;
			containerPortal = 823AFC021F32CF2F00CCB6F8 /* Project object */;
			proxyType = 1;
			remoteGlobalIDString = 823AFC091F32CF2F00CCB6F8;
			remoteInfo = "Bite About It";
		};
		823AFC2A1F32CF2F00CCB6F8 /* PBXContainerItemProxy */ = {
			isa = PBXContainerItemProxy;
			containerPortal = 823AFC021F32CF2F00CCB6F8 /* Project object */;
			proxyType = 1;
			remoteGlobalIDString = 823AFC091F32CF2F00CCB6F8;
			remoteInfo = "Bite About It";
		};
/* End PBXContainerItemProxy section */

/* Begin PBXFileReference section */
		011DFC28D141FBDEB7566766 /* Pods_Bite_About_ItTests.framework */ = {isa = PBXFileReference; explicitFileType = wrapper.framework; includeInIndex = 0; path = Pods_Bite_About_ItTests.framework; sourceTree = BUILT_PRODUCTS_DIR; };
		6CD9A9F9B6D0A96BDCDEDFB5 /* Pods-Bite About ItTests.release.xcconfig */ = {isa = PBXFileReference; includeInIndex = 1; lastKnownFileType = text.xcconfig; name = "Pods-Bite About ItTests.release.xcconfig"; path = "Pods/Target Support Files/Pods-Bite About ItTests/Pods-Bite About ItTests.release.xcconfig"; sourceTree = "<group>"; };
		823AFC0A1F32CF2F00CCB6F8 /* Bite About It.app */ = {isa = PBXFileReference; explicitFileType = wrapper.application; includeInIndex = 0; path = "Bite About It.app"; sourceTree = BUILT_PRODUCTS_DIR; };
		823AFC0D1F32CF2F00CCB6F8 /* AppDelegate.swift */ = {isa = PBXFileReference; lastKnownFileType = sourcecode.swift; path = AppDelegate.swift; sourceTree = "<group>"; };
		823AFC121F32CF2F00CCB6F8 /* Base */ = {isa = PBXFileReference; lastKnownFileType = file.storyboard; name = Base; path = Base.lproj/Main.storyboard; sourceTree = "<group>"; };
		823AFC141F32CF2F00CCB6F8 /* Assets.xcassets */ = {isa = PBXFileReference; lastKnownFileType = folder.assetcatalog; path = Assets.xcassets; sourceTree = "<group>"; };
		823AFC171F32CF2F00CCB6F8 /* Base */ = {isa = PBXFileReference; lastKnownFileType = file.storyboard; name = Base; path = Base.lproj/LaunchScreen.storyboard; sourceTree = "<group>"; };
		823AFC191F32CF2F00CCB6F8 /* Info.plist */ = {isa = PBXFileReference; lastKnownFileType = text.plist.xml; path = Info.plist; sourceTree = "<group>"; };
		823AFC1E1F32CF2F00CCB6F8 /* Bite About ItTests.xctest */ = {isa = PBXFileReference; explicitFileType = wrapper.cfbundle; includeInIndex = 0; path = "Bite About ItTests.xctest"; sourceTree = BUILT_PRODUCTS_DIR; };
		823AFC221F32CF2F00CCB6F8 /* Bite_About_ItTests.swift */ = {isa = PBXFileReference; lastKnownFileType = sourcecode.swift; path = Bite_About_ItTests.swift; sourceTree = "<group>"; };
		823AFC241F32CF2F00CCB6F8 /* Info.plist */ = {isa = PBXFileReference; lastKnownFileType = text.plist.xml; path = Info.plist; sourceTree = "<group>"; };
		823AFC291F32CF2F00CCB6F8 /* Bite About ItUITests.xctest */ = {isa = PBXFileReference; explicitFileType = wrapper.cfbundle; includeInIndex = 0; path = "Bite About ItUITests.xctest"; sourceTree = BUILT_PRODUCTS_DIR; };
		823AFC2D1F32CF2F00CCB6F8 /* Bite_About_ItUITests.swift */ = {isa = PBXFileReference; lastKnownFileType = sourcecode.swift; path = Bite_About_ItUITests.swift; sourceTree = "<group>"; };
		823AFC2F1F32CF2F00CCB6F8 /* Info.plist */ = {isa = PBXFileReference; lastKnownFileType = text.plist.xml; path = Info.plist; sourceTree = "<group>"; };
		824EFC1F1F8F2E86000A65A7 /* Category.swift */ = {isa = PBXFileReference; lastKnownFileType = sourcecode.swift; path = Category.swift; sourceTree = "<group>"; };
		8258ED961F57CB5200D7D421 /* APIOperation.swift */ = {isa = PBXFileReference; fileEncoding = 4; lastKnownFileType = sourcecode.swift; path = APIOperation.swift; sourceTree = "<group>"; };
		82620F691F6835DB0007E48C /* BusinessSearch.swift */ = {isa = PBXFileReference; fileEncoding = 4; lastKnownFileType = sourcecode.swift; path = BusinessSearch.swift; sourceTree = "<group>"; };
		82620F701F6837220007E48C /* AccessToken.swift */ = {isa = PBXFileReference; fileEncoding = 4; lastKnownFileType = sourcecode.swift; path = AccessToken.swift; sourceTree = "<group>"; };
		82620F721F6837C40007E48C /* Business.swift */ = {isa = PBXFileReference; fileEncoding = 4; lastKnownFileType = sourcecode.swift; path = Business.swift; sourceTree = "<group>"; };
		826D8FFA1F90702C008DD666 /* PaymentMethod.swift */ = {isa = PBXFileReference; lastKnownFileType = sourcecode.swift; path = PaymentMethod.swift; sourceTree = "<group>"; };
		8286E6D71F4545510084895F /* Authentication.swift */ = {isa = PBXFileReference; fileEncoding = 4; lastKnownFileType = sourcecode.swift; path = Authentication.swift; sourceTree = "<group>"; };
		8286E6DA1F47EA860084895F /* FormatterCache.swift */ = {isa = PBXFileReference; fileEncoding = 4; lastKnownFileType = sourcecode.swift; path = FormatterCache.swift; sourceTree = "<group>"; };
		8286E6DC1F47EE560084895F /* Result.swift */ = {isa = PBXFileReference; fileEncoding = 4; lastKnownFileType = sourcecode.swift; path = Result.swift; sourceTree = "<group>"; };
		8286E6DE1F47F4C00084895F /* Endpoints.swift */ = {isa = PBXFileReference; fileEncoding = 4; lastKnownFileType = sourcecode.swift; path = Endpoints.swift; sourceTree = "<group>"; };
		82F6EDEB1F5CD4F0007E297C /* ViewController.swift */ = {isa = PBXFileReference; fileEncoding = 4; lastKnownFileType = sourcecode.swift; path = ViewController.swift; sourceTree = "<group>"; };
		8972DEE1F2C843EDB14CAB87 /* Pods-Bite About It.release.xcconfig */ = {isa = PBXFileReference; includeInIndex = 1; lastKnownFileType = text.xcconfig; name = "Pods-Bite About It.release.xcconfig"; path = "Pods/Target Support Files/Pods-Bite About It/Pods-Bite About It.release.xcconfig"; sourceTree = "<group>"; };
		93C322BECBBC108DFF71570A /* Pods-Bite About ItUITests.debug.xcconfig */ = {isa = PBXFileReference; includeInIndex = 1; lastKnownFileType = text.xcconfig; name = "Pods-Bite About ItUITests.debug.xcconfig"; path = "Pods/Target Support Files/Pods-Bite About ItUITests/Pods-Bite About ItUITests.debug.xcconfig"; sourceTree = "<group>"; };
		A1FD7BA17F376B90603ED03D /* Pods-Bite About ItTests.debug.xcconfig */ = {isa = PBXFileReference; includeInIndex = 1; lastKnownFileType = text.xcconfig; name = "Pods-Bite About ItTests.debug.xcconfig"; path = "Pods/Target Support Files/Pods-Bite About ItTests/Pods-Bite About ItTests.debug.xcconfig"; sourceTree = "<group>"; };
		AAC24DBF5897BB75AC1B7374 /* Pods_Bite_About_ItUITests.framework */ = {isa = PBXFileReference; explicitFileType = wrapper.framework; includeInIndex = 0; path = Pods_Bite_About_ItUITests.framework; sourceTree = BUILT_PRODUCTS_DIR; };
		D1D6C97F45444E7F8FA9895A /* Pods_Bite_About_It.framework */ = {isa = PBXFileReference; explicitFileType = wrapper.framework; includeInIndex = 0; path = Pods_Bite_About_It.framework; sourceTree = BUILT_PRODUCTS_DIR; };
		DCA9171D50CB2957BD336E73 /* Pods-Bite About ItUITests.release.xcconfig */ = {isa = PBXFileReference; includeInIndex = 1; lastKnownFileType = text.xcconfig; name = "Pods-Bite About ItUITests.release.xcconfig"; path = "Pods/Target Support Files/Pods-Bite About ItUITests/Pods-Bite About ItUITests.release.xcconfig"; sourceTree = "<group>"; };
		DDCD96E7241CF8B81A925557 /* Pods-Bite About It.debug.xcconfig */ = {isa = PBXFileReference; includeInIndex = 1; lastKnownFileType = text.xcconfig; name = "Pods-Bite About It.debug.xcconfig"; path = "Pods/Target Support Files/Pods-Bite About It/Pods-Bite About It.debug.xcconfig"; sourceTree = "<group>"; };
/* End PBXFileReference section */

/* Begin PBXFrameworksBuildPhase section */
		823AFC071F32CF2F00CCB6F8 /* Frameworks */ = {
			isa = PBXFrameworksBuildPhase;
			buildActionMask = 2147483647;
			files = (
				FC0C2206355498585DA254A5 /* Pods_Bite_About_It.framework in Frameworks */,
			);
			runOnlyForDeploymentPostprocessing = 0;
		};
		823AFC1B1F32CF2F00CCB6F8 /* Frameworks */ = {
			isa = PBXFrameworksBuildPhase;
			buildActionMask = 2147483647;
			files = (
				CC8C5B4BF4B226FCBB1101EE /* Pods_Bite_About_ItTests.framework in Frameworks */,
			);
			runOnlyForDeploymentPostprocessing = 0;
		};
		823AFC261F32CF2F00CCB6F8 /* Frameworks */ = {
			isa = PBXFrameworksBuildPhase;
			buildActionMask = 2147483647;
			files = (
				9A4C8A212BFE96E401632DC9 /* Pods_Bite_About_ItUITests.framework in Frameworks */,
			);
			runOnlyForDeploymentPostprocessing = 0;
		};
/* End PBXFrameworksBuildPhase section */

/* Begin PBXGroup section */
		823AFC011F32CF2F00CCB6F8 = {
			isa = PBXGroup;
			children = (
				823AFC0C1F32CF2F00CCB6F8 /* Bite About It */,
				823AFC211F32CF2F00CCB6F8 /* Bite About ItTests */,
				823AFC2C1F32CF2F00CCB6F8 /* Bite About ItUITests */,
				823AFC0B1F32CF2F00CCB6F8 /* Products */,
				95477790D8FFAE17658CE593 /* Pods */,
				83998B31D1235F49F21614FC /* Frameworks */,
			);
			sourceTree = "<group>";
		};
		823AFC0B1F32CF2F00CCB6F8 /* Products */ = {
			isa = PBXGroup;
			children = (
				823AFC0A1F32CF2F00CCB6F8 /* Bite About It.app */,
				823AFC1E1F32CF2F00CCB6F8 /* Bite About ItTests.xctest */,
				823AFC291F32CF2F00CCB6F8 /* Bite About ItUITests.xctest */,
			);
			name = Products;
			sourceTree = "<group>";
		};
		823AFC0C1F32CF2F00CCB6F8 /* Bite About It */ = {
			isa = PBXGroup;
			children = (
				82620F6D1F6836830007E48C /* Models */,
				8286E6D91F4555550084895F /* Yelp API */,
				823AFC0D1F32CF2F00CCB6F8 /* AppDelegate.swift */,
				82F6EDEB1F5CD4F0007E297C /* ViewController.swift */,
				823AFC111F32CF2F00CCB6F8 /* Main.storyboard */,
				823AFC141F32CF2F00CCB6F8 /* Assets.xcassets */,
				823AFC161F32CF2F00CCB6F8 /* LaunchScreen.storyboard */,
				823AFC191F32CF2F00CCB6F8 /* Info.plist */,
			);
			path = "Bite About It";
			sourceTree = "<group>";
		};
		823AFC211F32CF2F00CCB6F8 /* Bite About ItTests */ = {
			isa = PBXGroup;
			children = (
				823AFC221F32CF2F00CCB6F8 /* Bite_About_ItTests.swift */,
				823AFC241F32CF2F00CCB6F8 /* Info.plist */,
			);
			path = "Bite About ItTests";
			sourceTree = "<group>";
		};
		823AFC2C1F32CF2F00CCB6F8 /* Bite About ItUITests */ = {
			isa = PBXGroup;
			children = (
				823AFC2D1F32CF2F00CCB6F8 /* Bite_About_ItUITests.swift */,
				823AFC2F1F32CF2F00CCB6F8 /* Info.plist */,
			);
			path = "Bite About ItUITests";
			sourceTree = "<group>";
		};
		82620F6D1F6836830007E48C /* Models */ = {
			isa = PBXGroup;
			children = (
				82620F701F6837220007E48C /* AccessToken.swift */,
				82620F721F6837C40007E48C /* Business.swift */,
				824EFC1F1F8F2E86000A65A7 /* Category.swift */,
				826D8FFA1F90702C008DD666 /* PaymentMethod.swift */,
			);
			path = Models;
			sourceTree = "<group>";
		};
		8286E6D91F4555550084895F /* Yelp API */ = {
			isa = PBXGroup;
			children = (
				8286E6D71F4545510084895F /* Authentication.swift */,
				82620F691F6835DB0007E48C /* BusinessSearch.swift */,
				8258ED961F57CB5200D7D421 /* APIOperation.swift */,
				8286E6DA1F47EA860084895F /* FormatterCache.swift */,
				8286E6DC1F47EE560084895F /* Result.swift */,
				8286E6DE1F47F4C00084895F /* Endpoints.swift */,
			);
			name = "Yelp API";
			sourceTree = "<group>";
		};
		83998B31D1235F49F21614FC /* Frameworks */ = {
			isa = PBXGroup;
			children = (
				D1D6C97F45444E7F8FA9895A /* Pods_Bite_About_It.framework */,
				011DFC28D141FBDEB7566766 /* Pods_Bite_About_ItTests.framework */,
				AAC24DBF5897BB75AC1B7374 /* Pods_Bite_About_ItUITests.framework */,
			);
			name = Frameworks;
			sourceTree = "<group>";
		};
		95477790D8FFAE17658CE593 /* Pods */ = {
			isa = PBXGroup;
			children = (
				DDCD96E7241CF8B81A925557 /* Pods-Bite About It.debug.xcconfig */,
				8972DEE1F2C843EDB14CAB87 /* Pods-Bite About It.release.xcconfig */,
				A1FD7BA17F376B90603ED03D /* Pods-Bite About ItTests.debug.xcconfig */,
				6CD9A9F9B6D0A96BDCDEDFB5 /* Pods-Bite About ItTests.release.xcconfig */,
				93C322BECBBC108DFF71570A /* Pods-Bite About ItUITests.debug.xcconfig */,
				DCA9171D50CB2957BD336E73 /* Pods-Bite About ItUITests.release.xcconfig */,
			);
			name = Pods;
			sourceTree = "<group>";
		};
/* End PBXGroup section */

/* Begin PBXNativeTarget section */
		823AFC091F32CF2F00CCB6F8 /* Bite About It */ = {
			isa = PBXNativeTarget;
			buildConfigurationList = 823AFC321F32CF2F00CCB6F8 /* Build configuration list for PBXNativeTarget "Bite About It" */;
			buildPhases = (
				F957E3B0A111222C633C1BBC /* [CP] Check Pods Manifest.lock */,
				823AFC061F32CF2F00CCB6F8 /* Sources */,
				823AFC071F32CF2F00CCB6F8 /* Frameworks */,
				823AFC081F32CF2F00CCB6F8 /* Resources */,
				447CAC6C4E4180117574CF6D /* [CP] Embed Pods Frameworks */,
				3A2DFDEC237670D0DFCFD6CD /* [CP] Copy Pods Resources */,
			);
			buildRules = (
			);
			dependencies = (
			);
			name = "Bite About It";
			productName = "Bite About It";
			productReference = 823AFC0A1F32CF2F00CCB6F8 /* Bite About It.app */;
			productType = "com.apple.product-type.application";
		};
		823AFC1D1F32CF2F00CCB6F8 /* Bite About ItTests */ = {
			isa = PBXNativeTarget;
			buildConfigurationList = 823AFC351F32CF2F00CCB6F8 /* Build configuration list for PBXNativeTarget "Bite About ItTests" */;
			buildPhases = (
				41460C9BE448461B628B6A89 /* [CP] Check Pods Manifest.lock */,
				823AFC1A1F32CF2F00CCB6F8 /* Sources */,
				823AFC1B1F32CF2F00CCB6F8 /* Frameworks */,
				823AFC1C1F32CF2F00CCB6F8 /* Resources */,
				0C4C0F3AF13A3B020E562EC8 /* [CP] Embed Pods Frameworks */,
				E756E0D567BCF0C5674C4772 /* [CP] Copy Pods Resources */,
			);
			buildRules = (
			);
			dependencies = (
				823AFC201F32CF2F00CCB6F8 /* PBXTargetDependency */,
			);
			name = "Bite About ItTests";
			productName = "Bite About ItTests";
			productReference = 823AFC1E1F32CF2F00CCB6F8 /* Bite About ItTests.xctest */;
			productType = "com.apple.product-type.bundle.unit-test";
		};
		823AFC281F32CF2F00CCB6F8 /* Bite About ItUITests */ = {
			isa = PBXNativeTarget;
			buildConfigurationList = 823AFC381F32CF2F00CCB6F8 /* Build configuration list for PBXNativeTarget "Bite About ItUITests" */;
			buildPhases = (
				7CAB1D61A239885EE61DC46A /* [CP] Check Pods Manifest.lock */,
				823AFC251F32CF2F00CCB6F8 /* Sources */,
				823AFC261F32CF2F00CCB6F8 /* Frameworks */,
				823AFC271F32CF2F00CCB6F8 /* Resources */,
				9C622465A4AC20695AFFA98D /* [CP] Embed Pods Frameworks */,
				25126052B17F3719A1042C2D /* [CP] Copy Pods Resources */,
			);
			buildRules = (
			);
			dependencies = (
				823AFC2B1F32CF2F00CCB6F8 /* PBXTargetDependency */,
			);
			name = "Bite About ItUITests";
			productName = "Bite About ItUITests";
			productReference = 823AFC291F32CF2F00CCB6F8 /* Bite About ItUITests.xctest */;
			productType = "com.apple.product-type.bundle.ui-testing";
		};
/* End PBXNativeTarget section */

/* Begin PBXProject section */
		823AFC021F32CF2F00CCB6F8 /* Project object */ = {
			isa = PBXProject;
			attributes = {
				LastSwiftUpdateCheck = 0830;
				LastUpgradeCheck = 0900;
				ORGANIZATIONNAME = "Hector Matos";
				TargetAttributes = {
					823AFC091F32CF2F00CCB6F8 = {
						CreatedOnToolsVersion = 8.3.3;
						DevelopmentTeam = CZ3K74ATMM;
						LastSwiftMigration = 0900;
						ProvisioningStyle = Automatic;
					};
					823AFC1D1F32CF2F00CCB6F8 = {
						CreatedOnToolsVersion = 8.3.3;
						LastSwiftMigration = 0900;
						ProvisioningStyle = Automatic;
						TestTargetID = 823AFC091F32CF2F00CCB6F8;
					};
					823AFC281F32CF2F00CCB6F8 = {
						CreatedOnToolsVersion = 8.3.3;
						LastSwiftMigration = 0900;
						ProvisioningStyle = Automatic;
						TestTargetID = 823AFC091F32CF2F00CCB6F8;
					};
				};
			};
			buildConfigurationList = 823AFC051F32CF2F00CCB6F8 /* Build configuration list for PBXProject "Bite About It" */;
			compatibilityVersion = "Xcode 3.2";
			developmentRegion = English;
			hasScannedForEncodings = 0;
			knownRegions = (
				en,
				Base,
			);
			mainGroup = 823AFC011F32CF2F00CCB6F8;
			productRefGroup = 823AFC0B1F32CF2F00CCB6F8 /* Products */;
			projectDirPath = "";
			projectRoot = "";
			targets = (
				823AFC091F32CF2F00CCB6F8 /* Bite About It */,
				823AFC1D1F32CF2F00CCB6F8 /* Bite About ItTests */,
				823AFC281F32CF2F00CCB6F8 /* Bite About ItUITests */,
			);
		};
/* End PBXProject section */

/* Begin PBXResourcesBuildPhase section */
		823AFC081F32CF2F00CCB6F8 /* Resources */ = {
			isa = PBXResourcesBuildPhase;
			buildActionMask = 2147483647;
			files = (
				823AFC181F32CF2F00CCB6F8 /* LaunchScreen.storyboard in Resources */,
				823AFC151F32CF2F00CCB6F8 /* Assets.xcassets in Resources */,
				823AFC131F32CF2F00CCB6F8 /* Main.storyboard in Resources */,
			);
			runOnlyForDeploymentPostprocessing = 0;
		};
		823AFC1C1F32CF2F00CCB6F8 /* Resources */ = {
			isa = PBXResourcesBuildPhase;
			buildActionMask = 2147483647;
			files = (
			);
			runOnlyForDeploymentPostprocessing = 0;
		};
		823AFC271F32CF2F00CCB6F8 /* Resources */ = {
			isa = PBXResourcesBuildPhase;
			buildActionMask = 2147483647;
			files = (
			);
			runOnlyForDeploymentPostprocessing = 0;
		};
/* End PBXResourcesBuildPhase section */

/* Begin PBXShellScriptBuildPhase section */
		0C4C0F3AF13A3B020E562EC8 /* [CP] Embed Pods Frameworks */ = {
			isa = PBXShellScriptBuildPhase;
			buildActionMask = 2147483647;
			files = (
			);
			inputPaths = (
			);
			name = "[CP] Embed Pods Frameworks";
			outputPaths = (
			);
			runOnlyForDeploymentPostprocessing = 0;
			shellPath = /bin/sh;
			shellScript = "\"${SRCROOT}/Pods/Target Support Files/Pods-Bite About ItTests/Pods-Bite About ItTests-frameworks.sh\"\n";
			showEnvVarsInLog = 0;
		};
		25126052B17F3719A1042C2D /* [CP] Copy Pods Resources */ = {
			isa = PBXShellScriptBuildPhase;
			buildActionMask = 2147483647;
			files = (
			);
			inputPaths = (
			);
			name = "[CP] Copy Pods Resources";
			outputPaths = (
			);
			runOnlyForDeploymentPostprocessing = 0;
			shellPath = /bin/sh;
			shellScript = "\"${SRCROOT}/Pods/Target Support Files/Pods-Bite About ItUITests/Pods-Bite About ItUITests-resources.sh\"\n";
			showEnvVarsInLog = 0;
		};
		3A2DFDEC237670D0DFCFD6CD /* [CP] Copy Pods Resources */ = {
			isa = PBXShellScriptBuildPhase;
			buildActionMask = 2147483647;
			files = (
			);
			inputPaths = (
			);
			name = "[CP] Copy Pods Resources";
			outputPaths = (
			);
			runOnlyForDeploymentPostprocessing = 0;
			shellPath = /bin/sh;
			shellScript = "\"${SRCROOT}/Pods/Target Support Files/Pods-Bite About It/Pods-Bite About It-resources.sh\"\n";
			showEnvVarsInLog = 0;
		};
		41460C9BE448461B628B6A89 /* [CP] Check Pods Manifest.lock */ = {
			isa = PBXShellScriptBuildPhase;
			buildActionMask = 2147483647;
			files = (
			);
			inputPaths = (
				"${PODS_PODFILE_DIR_PATH}/Podfile.lock",
				"${PODS_ROOT}/Manifest.lock",
			);
			name = "[CP] Check Pods Manifest.lock";
			outputPaths = (
				"$(DERIVED_FILE_DIR)/Pods-Bite About ItTests-checkManifestLockResult.txt",
			);
			runOnlyForDeploymentPostprocessing = 0;
			shellPath = /bin/sh;
			shellScript = "diff \"${PODS_PODFILE_DIR_PATH}/Podfile.lock\" \"${PODS_ROOT}/Manifest.lock\" > /dev/null\nif [ $? != 0 ] ; then\n    # print error to STDERR\n    echo \"error: The sandbox is not in sync with the Podfile.lock. Run 'pod install' or update your CocoaPods installation.\" >&2\n    exit 1\nfi\n# This output is used by Xcode 'outputs' to avoid re-running this script phase.\necho \"SUCCESS\" > \"${SCRIPT_OUTPUT_FILE_0}\"\n";
			showEnvVarsInLog = 0;
		};
		447CAC6C4E4180117574CF6D /* [CP] Embed Pods Frameworks */ = {
			isa = PBXShellScriptBuildPhase;
			buildActionMask = 2147483647;
			files = (
			);
			inputPaths = (
				"${SRCROOT}/Pods/Target Support Files/Pods-Bite About It/Pods-Bite About It-frameworks.sh",
				"${BUILT_PRODUCTS_DIR}/KeychainAccess/KeychainAccess.framework",
				"${BUILT_PRODUCTS_DIR}/SwiftyJSON/SwiftyJSON.framework",
			);
			name = "[CP] Embed Pods Frameworks";
			outputPaths = (
				"${TARGET_BUILD_DIR}/${FRAMEWORKS_FOLDER_PATH}/KeychainAccess.framework",
				"${TARGET_BUILD_DIR}/${FRAMEWORKS_FOLDER_PATH}/SwiftyJSON.framework",
			);
			runOnlyForDeploymentPostprocessing = 0;
			shellPath = /bin/sh;
			shellScript = "\"${SRCROOT}/Pods/Target Support Files/Pods-Bite About It/Pods-Bite About It-frameworks.sh\"\n";
			showEnvVarsInLog = 0;
		};
		7CAB1D61A239885EE61DC46A /* [CP] Check Pods Manifest.lock */ = {
			isa = PBXShellScriptBuildPhase;
			buildActionMask = 2147483647;
			files = (
			);
			inputPaths = (
				"${PODS_PODFILE_DIR_PATH}/Podfile.lock",
				"${PODS_ROOT}/Manifest.lock",
			);
			name = "[CP] Check Pods Manifest.lock";
			outputPaths = (
				"$(DERIVED_FILE_DIR)/Pods-Bite About ItUITests-checkManifestLockResult.txt",
			);
			runOnlyForDeploymentPostprocessing = 0;
			shellPath = /bin/sh;
			shellScript = "diff \"${PODS_PODFILE_DIR_PATH}/Podfile.lock\" \"${PODS_ROOT}/Manifest.lock\" > /dev/null\nif [ $? != 0 ] ; then\n    # print error to STDERR\n    echo \"error: The sandbox is not in sync with the Podfile.lock. Run 'pod install' or update your CocoaPods installation.\" >&2\n    exit 1\nfi\n# This output is used by Xcode 'outputs' to avoid re-running this script phase.\necho \"SUCCESS\" > \"${SCRIPT_OUTPUT_FILE_0}\"\n";
			showEnvVarsInLog = 0;
		};
		9C622465A4AC20695AFFA98D /* [CP] Embed Pods Frameworks */ = {
			isa = PBXShellScriptBuildPhase;
			buildActionMask = 2147483647;
			files = (
			);
			inputPaths = (
			);
			name = "[CP] Embed Pods Frameworks";
			outputPaths = (
			);
			runOnlyForDeploymentPostprocessing = 0;
			shellPath = /bin/sh;
			shellScript = "\"${SRCROOT}/Pods/Target Support Files/Pods-Bite About ItUITests/Pods-Bite About ItUITests-frameworks.sh\"\n";
			showEnvVarsInLog = 0;
		};
		E756E0D567BCF0C5674C4772 /* [CP] Copy Pods Resources */ = {
			isa = PBXShellScriptBuildPhase;
			buildActionMask = 2147483647;
			files = (
			);
			inputPaths = (
			);
			name = "[CP] Copy Pods Resources";
			outputPaths = (
			);
			runOnlyForDeploymentPostprocessing = 0;
			shellPath = /bin/sh;
			shellScript = "\"${SRCROOT}/Pods/Target Support Files/Pods-Bite About ItTests/Pods-Bite About ItTests-resources.sh\"\n";
			showEnvVarsInLog = 0;
		};
		F957E3B0A111222C633C1BBC /* [CP] Check Pods Manifest.lock */ = {
			isa = PBXShellScriptBuildPhase;
			buildActionMask = 2147483647;
			files = (
			);
			inputPaths = (
				"${PODS_PODFILE_DIR_PATH}/Podfile.lock",
				"${PODS_ROOT}/Manifest.lock",
			);
			name = "[CP] Check Pods Manifest.lock";
			outputPaths = (
				"$(DERIVED_FILE_DIR)/Pods-Bite About It-checkManifestLockResult.txt",
			);
			runOnlyForDeploymentPostprocessing = 0;
			shellPath = /bin/sh;
			shellScript = "diff \"${PODS_PODFILE_DIR_PATH}/Podfile.lock\" \"${PODS_ROOT}/Manifest.lock\" > /dev/null\nif [ $? != 0 ] ; then\n    # print error to STDERR\n    echo \"error: The sandbox is not in sync with the Podfile.lock. Run 'pod install' or update your CocoaPods installation.\" >&2\n    exit 1\nfi\n# This output is used by Xcode 'outputs' to avoid re-running this script phase.\necho \"SUCCESS\" > \"${SCRIPT_OUTPUT_FILE_0}\"\n";
			showEnvVarsInLog = 0;
		};
/* End PBXShellScriptBuildPhase section */

/* Begin PBXSourcesBuildPhase section */
		823AFC061F32CF2F00CCB6F8 /* Sources */ = {
			isa = PBXSourcesBuildPhase;
			buildActionMask = 2147483647;
			files = (
				8258ED971F57CB5200D7D421 /* APIOperation.swift in Sources */,
				82620F6A1F6835DB0007E48C /* BusinessSearch.swift in Sources */,
				82620F711F6837220007E48C /* AccessToken.swift in Sources */,
				82620F731F6837C40007E48C /* Business.swift in Sources */,
				8286E6DD1F47EE560084895F /* Result.swift in Sources */,
				823AFC0E1F32CF2F00CCB6F8 /* AppDelegate.swift in Sources */,
				8286E6D81F4545510084895F /* Authentication.swift in Sources */,
				82F6EDEC1F5CD4F0007E297C /* ViewController.swift in Sources */,
				8286E6DF1F47F4C00084895F /* Endpoints.swift in Sources */,
				826D8FFB1F90702C008DD666 /* PaymentMethod.swift in Sources */,
				8286E6DB1F47EA860084895F /* FormatterCache.swift in Sources */,
				824EFC201F8F2E86000A65A7 /* Category.swift in Sources */,
			);
			runOnlyForDeploymentPostprocessing = 0;
		};
		823AFC1A1F32CF2F00CCB6F8 /* Sources */ = {
			isa = PBXSourcesBuildPhase;
			buildActionMask = 2147483647;
			files = (
				823AFC231F32CF2F00CCB6F8 /* Bite_About_ItTests.swift in Sources */,
			);
			runOnlyForDeploymentPostprocessing = 0;
		};
		823AFC251F32CF2F00CCB6F8 /* Sources */ = {
			isa = PBXSourcesBuildPhase;
			buildActionMask = 2147483647;
			files = (
				823AFC2E1F32CF2F00CCB6F8 /* Bite_About_ItUITests.swift in Sources */,
			);
			runOnlyForDeploymentPostprocessing = 0;
		};
/* End PBXSourcesBuildPhase section */

/* Begin PBXTargetDependency section */
		823AFC201F32CF2F00CCB6F8 /* PBXTargetDependency */ = {
			isa = PBXTargetDependency;
			target = 823AFC091F32CF2F00CCB6F8 /* Bite About It */;
			targetProxy = 823AFC1F1F32CF2F00CCB6F8 /* PBXContainerItemProxy */;
		};
		823AFC2B1F32CF2F00CCB6F8 /* PBXTargetDependency */ = {
			isa = PBXTargetDependency;
			target = 823AFC091F32CF2F00CCB6F8 /* Bite About It */;
			targetProxy = 823AFC2A1F32CF2F00CCB6F8 /* PBXContainerItemProxy */;
		};
/* End PBXTargetDependency section */

/* Begin PBXVariantGroup section */
		823AFC111F32CF2F00CCB6F8 /* Main.storyboard */ = {
			isa = PBXVariantGroup;
			children = (
				823AFC121F32CF2F00CCB6F8 /* Base */,
			);
			name = Main.storyboard;
			sourceTree = "<group>";
		};
		823AFC161F32CF2F00CCB6F8 /* LaunchScreen.storyboard */ = {
			isa = PBXVariantGroup;
			children = (
				823AFC171F32CF2F00CCB6F8 /* Base */,
			);
			name = LaunchScreen.storyboard;
			sourceTree = "<group>";
		};
/* End PBXVariantGroup section */

/* Begin XCBuildConfiguration section */
		823AFC301F32CF2F00CCB6F8 /* Debug */ = {
			isa = XCBuildConfiguration;
			buildSettings = {
				ALWAYS_SEARCH_USER_PATHS = NO;
				CLANG_ANALYZER_NONNULL = YES;
				CLANG_ANALYZER_NUMBER_OBJECT_CONVERSION = YES_AGGRESSIVE;
				CLANG_CXX_LANGUAGE_STANDARD = "gnu++0x";
				CLANG_CXX_LIBRARY = "libc++";
				CLANG_ENABLE_MODULES = YES;
				CLANG_ENABLE_OBJC_ARC = YES;
				CLANG_WARN_BLOCK_CAPTURE_AUTORELEASING = YES;
				CLANG_WARN_BOOL_CONVERSION = YES;
				CLANG_WARN_COMMA = YES;
				CLANG_WARN_CONSTANT_CONVERSION = YES;
				CLANG_WARN_DIRECT_OBJC_ISA_USAGE = YES_ERROR;
				CLANG_WARN_DOCUMENTATION_COMMENTS = YES;
				CLANG_WARN_EMPTY_BODY = YES;
				CLANG_WARN_ENUM_CONVERSION = YES;
				CLANG_WARN_INFINITE_RECURSION = YES;
				CLANG_WARN_INT_CONVERSION = YES;
				CLANG_WARN_NON_LITERAL_NULL_CONVERSION = YES;
				CLANG_WARN_OBJC_LITERAL_CONVERSION = YES;
				CLANG_WARN_OBJC_ROOT_CLASS = YES_ERROR;
				CLANG_WARN_RANGE_LOOP_ANALYSIS = YES;
				CLANG_WARN_STRICT_PROTOTYPES = YES;
				CLANG_WARN_SUSPICIOUS_MOVE = YES;
				CLANG_WARN_UNREACHABLE_CODE = YES;
				CLANG_WARN__DUPLICATE_METHOD_MATCH = YES;
				"CODE_SIGN_IDENTITY[sdk=iphoneos*]" = "iPhone Developer";
				COPY_PHASE_STRIP = NO;
				DEBUG_INFORMATION_FORMAT = dwarf;
				ENABLE_STRICT_OBJC_MSGSEND = YES;
				ENABLE_TESTABILITY = YES;
				GCC_C_LANGUAGE_STANDARD = gnu99;
				GCC_DYNAMIC_NO_PIC = NO;
				GCC_NO_COMMON_BLOCKS = YES;
				GCC_OPTIMIZATION_LEVEL = 0;
				GCC_PREPROCESSOR_DEFINITIONS = (
					"DEBUG=1",
					"$(inherited)",
				);
				GCC_WARN_64_TO_32_BIT_CONVERSION = YES;
				GCC_WARN_ABOUT_RETURN_TYPE = YES_ERROR;
				GCC_WARN_UNDECLARED_SELECTOR = YES;
				GCC_WARN_UNINITIALIZED_AUTOS = YES_AGGRESSIVE;
				GCC_WARN_UNUSED_FUNCTION = YES;
				GCC_WARN_UNUSED_VARIABLE = YES;
				IPHONEOS_DEPLOYMENT_TARGET = 10.3;
				MTL_ENABLE_DEBUG_INFO = YES;
				ONLY_ACTIVE_ARCH = YES;
				SDKROOT = iphoneos;
				SWIFT_ACTIVE_COMPILATION_CONDITIONS = DEBUG;
				SWIFT_OPTIMIZATION_LEVEL = "-Onone";
				TARGETED_DEVICE_FAMILY = "1,2";
			};
			name = Debug;
		};
		823AFC311F32CF2F00CCB6F8 /* Release */ = {
			isa = XCBuildConfiguration;
			buildSettings = {
				ALWAYS_SEARCH_USER_PATHS = NO;
				CLANG_ANALYZER_NONNULL = YES;
				CLANG_ANALYZER_NUMBER_OBJECT_CONVERSION = YES_AGGRESSIVE;
				CLANG_CXX_LANGUAGE_STANDARD = "gnu++0x";
				CLANG_CXX_LIBRARY = "libc++";
				CLANG_ENABLE_MODULES = YES;
				CLANG_ENABLE_OBJC_ARC = YES;
				CLANG_WARN_BLOCK_CAPTURE_AUTORELEASING = YES;
				CLANG_WARN_BOOL_CONVERSION = YES;
				CLANG_WARN_COMMA = YES;
				CLANG_WARN_CONSTANT_CONVERSION = YES;
				CLANG_WARN_DIRECT_OBJC_ISA_USAGE = YES_ERROR;
				CLANG_WARN_DOCUMENTATION_COMMENTS = YES;
				CLANG_WARN_EMPTY_BODY = YES;
				CLANG_WARN_ENUM_CONVERSION = YES;
				CLANG_WARN_INFINITE_RECURSION = YES;
				CLANG_WARN_INT_CONVERSION = YES;
				CLANG_WARN_NON_LITERAL_NULL_CONVERSION = YES;
				CLANG_WARN_OBJC_LITERAL_CONVERSION = YES;
				CLANG_WARN_OBJC_ROOT_CLASS = YES_ERROR;
				CLANG_WARN_RANGE_LOOP_ANALYSIS = YES;
				CLANG_WARN_STRICT_PROTOTYPES = YES;
				CLANG_WARN_SUSPICIOUS_MOVE = YES;
				CLANG_WARN_UNREACHABLE_CODE = YES;
				CLANG_WARN__DUPLICATE_METHOD_MATCH = YES;
				"CODE_SIGN_IDENTITY[sdk=iphoneos*]" = "iPhone Developer";
				COPY_PHASE_STRIP = NO;
				DEBUG_INFORMATION_FORMAT = "dwarf-with-dsym";
				ENABLE_NS_ASSERTIONS = NO;
				ENABLE_STRICT_OBJC_MSGSEND = YES;
				GCC_C_LANGUAGE_STANDARD = gnu99;
				GCC_NO_COMMON_BLOCKS = YES;
				GCC_WARN_64_TO_32_BIT_CONVERSION = YES;
				GCC_WARN_ABOUT_RETURN_TYPE = YES_ERROR;
				GCC_WARN_UNDECLARED_SELECTOR = YES;
				GCC_WARN_UNINITIALIZED_AUTOS = YES_AGGRESSIVE;
				GCC_WARN_UNUSED_FUNCTION = YES;
				GCC_WARN_UNUSED_VARIABLE = YES;
				IPHONEOS_DEPLOYMENT_TARGET = 10.3;
				MTL_ENABLE_DEBUG_INFO = NO;
				SDKROOT = iphoneos;
				SWIFT_OPTIMIZATION_LEVEL = "-Owholemodule";
				TARGETED_DEVICE_FAMILY = "1,2";
				VALIDATE_PRODUCT = YES;
			};
			name = Release;
		};
		823AFC331F32CF2F00CCB6F8 /* Debug */ = {
			isa = XCBuildConfiguration;
			baseConfigurationReference = DDCD96E7241CF8B81A925557 /* Pods-Bite About It.debug.xcconfig */;
			buildSettings = {
				ASSETCATALOG_COMPILER_APPICON_NAME = AppIcon;
				DEVELOPMENT_TEAM = CZ3K74ATMM;
				INFOPLIST_FILE = "Bite About It/Info.plist";
				IPHONEOS_DEPLOYMENT_TARGET = 9.0;
				LD_RUNPATH_SEARCH_PATHS = "$(inherited) @executable_path/Frameworks";
				PRODUCT_BUNDLE_IDENTIFIER = "com.krakendev.Bite-About-It";
				PRODUCT_NAME = "$(TARGET_NAME)";
				SWIFT_SWIFT3_OBJC_INFERENCE = On;
				SWIFT_VERSION = 4.0;
			};
			name = Debug;
		};
		823AFC341F32CF2F00CCB6F8 /* Release */ = {
			isa = XCBuildConfiguration;
			baseConfigurationReference = 8972DEE1F2C843EDB14CAB87 /* Pods-Bite About It.release.xcconfig */;
			buildSettings = {
				ASSETCATALOG_COMPILER_APPICON_NAME = AppIcon;
				DEVELOPMENT_TEAM = CZ3K74ATMM;
				INFOPLIST_FILE = "Bite About It/Info.plist";
				IPHONEOS_DEPLOYMENT_TARGET = 9.0;
				LD_RUNPATH_SEARCH_PATHS = "$(inherited) @executable_path/Frameworks";
				PRODUCT_BUNDLE_IDENTIFIER = "com.krakendev.Bite-About-It";
				PRODUCT_NAME = "$(TARGET_NAME)";
				SWIFT_SWIFT3_OBJC_INFERENCE = On;
				SWIFT_VERSION = 4.0;
			};
			name = Release;
		};
		823AFC361F32CF2F00CCB6F8 /* Debug */ = {
			isa = XCBuildConfiguration;
			baseConfigurationReference = A1FD7BA17F376B90603ED03D /* Pods-Bite About ItTests.debug.xcconfig */;
			buildSettings = {
				ALWAYS_EMBED_SWIFT_STANDARD_LIBRARIES = YES;
				BUNDLE_LOADER = "$(TEST_HOST)";
				INFOPLIST_FILE = "Bite About ItTests/Info.plist";
				LD_RUNPATH_SEARCH_PATHS = "$(inherited) @executable_path/Frameworks @loader_path/Frameworks";
				PRODUCT_BUNDLE_IDENTIFIER = "com.krakendev.Bite-About-ItTests";
				PRODUCT_NAME = "$(TARGET_NAME)";
				SWIFT_VERSION = 3.0;
				TEST_HOST = "$(BUILT_PRODUCTS_DIR)/Bite About It.app/Bite About It";
			};
			name = Debug;
		};
		823AFC371F32CF2F00CCB6F8 /* Release */ = {
			isa = XCBuildConfiguration;
			baseConfigurationReference = 6CD9A9F9B6D0A96BDCDEDFB5 /* Pods-Bite About ItTests.release.xcconfig */;
			buildSettings = {
				ALWAYS_EMBED_SWIFT_STANDARD_LIBRARIES = YES;
				BUNDLE_LOADER = "$(TEST_HOST)";
				INFOPLIST_FILE = "Bite About ItTests/Info.plist";
				LD_RUNPATH_SEARCH_PATHS = "$(inherited) @executable_path/Frameworks @loader_path/Frameworks";
				PRODUCT_BUNDLE_IDENTIFIER = "com.krakendev.Bite-About-ItTests";
				PRODUCT_NAME = "$(TARGET_NAME)";
				SWIFT_VERSION = 3.0;
				TEST_HOST = "$(BUILT_PRODUCTS_DIR)/Bite About It.app/Bite About It";
			};
			name = Release;
		};
		823AFC391F32CF2F00CCB6F8 /* Debug */ = {
			isa = XCBuildConfiguration;
			baseConfigurationReference = 93C322BECBBC108DFF71570A /* Pods-Bite About ItUITests.debug.xcconfig */;
			buildSettings = {
				ALWAYS_EMBED_SWIFT_STANDARD_LIBRARIES = YES;
				INFOPLIST_FILE = "Bite About ItUITests/Info.plist";
				LD_RUNPATH_SEARCH_PATHS = "$(inherited) @executable_path/Frameworks @loader_path/Frameworks";
				PRODUCT_BUNDLE_IDENTIFIER = "com.krakendev.Bite-About-ItUITests";
				PRODUCT_NAME = "$(TARGET_NAME)";
				SWIFT_VERSION = 3.0;
				TEST_TARGET_NAME = "Bite About It";
			};
			name = Debug;
		};
		823AFC3A1F32CF2F00CCB6F8 /* Release */ = {
			isa = XCBuildConfiguration;
			baseConfigurationReference = DCA9171D50CB2957BD336E73 /* Pods-Bite About ItUITests.release.xcconfig */;
			buildSettings = {
				ALWAYS_EMBED_SWIFT_STANDARD_LIBRARIES = YES;
				INFOPLIST_FILE = "Bite About ItUITests/Info.plist";
				LD_RUNPATH_SEARCH_PATHS = "$(inherited) @executable_path/Frameworks @loader_path/Frameworks";
				PRODUCT_BUNDLE_IDENTIFIER = "com.krakendev.Bite-About-ItUITests";
				PRODUCT_NAME = "$(TARGET_NAME)";
				SWIFT_VERSION = 3.0;
				TEST_TARGET_NAME = "Bite About It";
			};
			name = Release;
		};
/* End XCBuildConfiguration section */

/* Begin XCConfigurationList section */
		823AFC051F32CF2F00CCB6F8 /* Build configuration list for PBXProject "Bite About It" */ = {
			isa = XCConfigurationList;
			buildConfigurations = (
				823AFC301F32CF2F00CCB6F8 /* Debug */,
				823AFC311F32CF2F00CCB6F8 /* Release */,
			);
			defaultConfigurationIsVisible = 0;
			defaultConfigurationName = Release;
		};
		823AFC321F32CF2F00CCB6F8 /* Build configuration list for PBXNativeTarget "Bite About It" */ = {
			isa = XCConfigurationList;
			buildConfigurations = (
				823AFC331F32CF2F00CCB6F8 /* Debug */,
				823AFC341F32CF2F00CCB6F8 /* Release */,
			);
			defaultConfigurationIsVisible = 0;
			defaultConfigurationName = Release;
		};
		823AFC351F32CF2F00CCB6F8 /* Build configuration list for PBXNativeTarget "Bite About ItTests" */ = {
			isa = XCConfigurationList;
			buildConfigurations = (
				823AFC361F32CF2F00CCB6F8 /* Debug */,
				823AFC371F32CF2F00CCB6F8 /* Release */,
			);
			defaultConfigurationIsVisible = 0;
			defaultConfigurationName = Release;
		};
		823AFC381F32CF2F00CCB6F8 /* Build configuration list for PBXNativeTarget "Bite About ItUITests" */ = {
			isa = XCConfigurationList;
			buildConfigurations = (
				823AFC391F32CF2F00CCB6F8 /* Debug */,
				823AFC3A1F32CF2F00CCB6F8 /* Release */,
			);
			defaultConfigurationIsVisible = 0;
			defaultConfigurationName = Release;
		};
/* End XCConfigurationList section */
	};
	rootObject = 823AFC021F32CF2F00CCB6F8 /* Project object */;
}
